dependencies:
  bblanchon/arduinojson:
    component_hash: 05d4e1f42ff990f476997964f976f5afd5eead397cce442488c282e070c22739
    dependencies: []
    source:
      registry_url: https://components.espressif.com/
      type: service
    version: 6.21.6
  espressif/mdns:
    component_hash: 3ba256ac95e07c274be53cbd73f06cb846c403b61e8fbdf1be57bdb79db7a63e
    dependencies:
    - name: idf
      require: private
      version: '>=5.0'
    source:
      registry_url: https://components.espressif.com/
      type: service
    version: 1.12.0
  espressif/mqtt:
    component_hash: fb18bc3b65aa8c94693a9811ffc322cca8a65d92d5ec84983d3e385080e3969c
    dependencies:
    - name: idf
      require: private
      version: '>=5.3'
    source:
      registry_url: https://components.espressif.com/
      type: service
    version: 1.1.0
  idf:
    source:
      type: idf
    version: 6.0.1
  joltwallet/littlefs:
    component_hash: 3af20a3d75c49db9dc2286fd50862c34055c9f578419ad1f2bf7ed3ed01391fe
    dependencies:
    - name: idf
      require: private
      version: '>=5.0'
    source:
      registry_url: https://components.espressif.com/
      type: service
    version: 1.22.3
  lvgl/lvgl:
    component_hash: 948bff879a345149b83065535bbc4a026ce9f47498a22881e432a264b9098015
    dependencies: []
    source:
      registry_url: https://components.espressif.com/
      type: service
    version: 8.3.11
direct_dependencies:
- bblanchon/arduinojson
- espressif/mdns
- espressif/mqtt
- idf
- joltwallet/littlefs
- lvgl/lvgl
manifest_hash: 49568941257cec5ba98426729aed63b527e1e6ccee98c9189122fd6de27f6088
target: esp32s3
version: 3.0.0
